
Microsoft Visual Studio Solution File, Format Version 12.00
# Visual Studio Version 17
VisualStudioVersion = 17.2.32602.215
MinimumVisualStudioVersion = 10.0.40219.1
Project("{FAE04EC0-301F-11D3-BF4B-00C04F79EFBC}") = "ejemplo exposicion", "ejemplo exposicion\ejemplo exposicion.csproj", "{1825CD1F-3699-411A-A581-41FB45E13BD4}"
EndProject
Global
	GlobalSection(SolutionConfigurationPlatforms) = preSolution
		Debug|Any CPU = Debug|Any CPU
		Release|Any CPU = Release|Any CPU
	EndGlobalSection
	GlobalSection(ProjectConfigurationPlatforms) = postSolution
		{1825CD1F-3699-411A-A581-41FB45E13BD4}.Debug|Any CPU.ActiveCfg = Debug|Any CPU
		{1825CD1F-3699-411A-A581-41FB45E13BD4}.Debug|Any CPU.Build.0 = Debug|Any CPU
		{1825CD1F-3699-411A-A581-41FB45E13BD4}.Release|Any CPU.ActiveCfg = Release|Any CPU
		{1825CD1F-3699-411A-A581-41FB45E13BD4}.Release|Any CPU.Build.0 = Release|Any CPU
	EndGlobalSection
	GlobalSection(SolutionProperties) = preSolution
		HideSolutionNode = FALSE
	EndGlobalSection
	GlobalSection(ExtensibilityGlobals) = postSolution
		SolutionGuid = {A9F16487-06CD-437C-A39F-22B9031F5F03}
	EndGlobalSection
EndGlobal
